
Microsoft Visual Studio Solution File, Format Version 12.00
# Visual Studio Version 17
VisualStudioVersion = 17.4.33213.308
MinimumVisualStudioVersion = 10.0.40219.1
Project("{FAE04EC0-301F-11D3-BF4B-00C04F79EFBC}") = "L111", "L111.csproj", "{AB9FA83C-F43A-44E6-8922-DAB8E0B88D66}"
EndProject
Global
	GlobalSection(SolutionConfigurationPlatforms) = preSolution
		Debug|Any CPU = Debug|Any CPU
		Release|Any CPU = Release|Any CPU
	EndGlobalSection
	GlobalSection(ProjectConfigurationPlatforms) = postSolution
		{AB9FA83C-F43A-44E6-8922-DAB8E0B88D66}.Debug|Any CPU.ActiveCfg = Debug|Any CPU
		{AB9FA83C-F43A-44E6-8922-DAB8E0B88D66}.Debug|Any CPU.Build.0 = Debug|Any CPU
		{AB9FA83C-F43A-44E6-8922-DAB8E0B88D66}.Release|Any CPU.ActiveCfg = Release|Any CPU
		{AB9FA83C-F43A-44E6-8922-DAB8E0B88D66}.Release|Any CPU.Build.0 = Release|Any CPU
	EndGlobalSection
	GlobalSection(SolutionProperties) = preSolution
		HideSolutionNode = FALSE
	EndGlobalSection
	GlobalSection(ExtensibilityGlobals) = postSolution
		SolutionGuid = {0062F6EE-980E-435B-8351-770A0D213574}
	EndGlobalSection
EndGlobal
